PODS:
  - iOSDFULibrary (4.1.2):
    - Zip (~> 1.0)
  - MBProgressHUD (1.1.0)
  - Zip (1.1.0)

DEPENDENCIES:
  - iOSDFULibrary
  - MBProgressHUD

SPEC CHECKSUMS:
  iOSDFULibrary: 5a3c53b9c8e7a1303ec962c8e7bb4f30b1fd47b1
  MBProgressHUD: e7baa36a220447d8aeb12769bf0585582f3866d9
  Zip: 8877eede3dda76bcac281225c20e71c25270774c

PODFILE CHECKSUM: 58964bd57ade765c4cc1f6d2012ad8b5fab022dc

COCOAPODS: 1.4.0.beta.2
